
Microsoft Visual Studio Solution File, Format Version 12.00
# Visual Studio 15
VisualStudioVersion = 15.0.26730.3
MinimumVisualStudioVersion = 10.0.40219.1
Project("{888888A0-9F3D-457C-B088-3A5042F75D52}") = "DjangoWebFirst", "DjangoWebFirst\DjangoWebFirst.pyproj", "{09899676-97D1-4349-B3CE-64C897D9810B}"
EndProject
Global
	GlobalSection(SolutionConfigurationPlatforms) = preSolution
		Debug|Any CPU = Debug|Any CPU
		Release|Any CPU = Release|Any CPU
	EndGlobalSection
	GlobalSection(ProjectConfigurationPlatforms) = postSolution
		{09899676-97D1-4349-B3CE-64C897D9810B}.Debug|Any CPU.ActiveCfg = Debug|Any CPU
		{09899676-97D1-4349-B3CE-64C897D9810B}.Debug|Any CPU.Build.0 = Debug|Any CPU
		{09899676-97D1-4349-B3CE-64C897D9810B}.Release|Any CPU.ActiveCfg = Release|Any CPU
		{09899676-97D1-4349-B3CE-64C897D9810B}.Release|Any CPU.Build.0 = Release|Any CPU
	EndGlobalSection
	GlobalSection(SolutionProperties) = preSolution
		HideSolutionNode = FALSE
	EndGlobalSection
	GlobalSection(ExtensibilityGlobals) = postSolution
		SolutionGuid = {F9DDE89A-D25A-4864-92CC-7AFF13DBC949}
	EndGlobalSection
EndGlobal
